
Microsoft Visual Studio Solution File, Format Version 12.00
# Visual Studio Version 16
VisualStudioVersion = 16.0.29123.88
MinimumVisualStudioVersion = 10.0.40219.1
Project("{FAE04EC0-301F-11D3-BF4B-00C04F79EFBC}") = "Assignment-1", "Assignment-1\Assignment-1.csproj", "{8CDCBEE8-173B-4769-8BB9-BE2D4F4843AB}"
EndProject
Project("{FAE04EC0-301F-11D3-BF4B-00C04F79EFBC}") = "Assignment-2", "Assignment-2\Assignment-2.csproj", "{360C09E9-A9E2-4A33-8367-2961921E161D}"
EndProject
Global
	GlobalSection(SolutionConfigurationPlatforms) = preSolution
		Debug|Any CPU = Debug|Any CPU
		Release|Any CPU = Release|Any CPU
	EndGlobalSection
	GlobalSection(ProjectConfigurationPlatforms) = postSolution
		{8CDCBEE8-173B-4769-8BB9-BE2D4F4843AB}.Debug|Any CPU.ActiveCfg = Debug|Any CPU
		{8CDCBEE8-173B-4769-8BB9-BE2D4F4843AB}.Debug|Any CPU.Build.0 = Debug|Any CPU
		{8CDCBEE8-173B-4769-8BB9-BE2D4F4843AB}.Release|Any CPU.ActiveCfg = Release|Any CPU
		{8CDCBEE8-173B-4769-8BB9-BE2D4F4843AB}.Release|Any CPU.Build.0 = Release|Any CPU
		{360C09E9-A9E2-4A33-8367-2961921E161D}.Debug|Any CPU.ActiveCfg = Debug|Any CPU
		{360C09E9-A9E2-4A33-8367-2961921E161D}.Debug|Any CPU.Build.0 = Debug|Any CPU
		{360C09E9-A9E2-4A33-8367-2961921E161D}.Release|Any CPU.ActiveCfg = Release|Any CPU
		{360C09E9-A9E2-4A33-8367-2961921E161D}.Release|Any CPU.Build.0 = Release|Any CPU
	EndGlobalSection
	GlobalSection(SolutionProperties) = preSolution
		HideSolutionNode = FALSE
	EndGlobalSection
	GlobalSection(ExtensibilityGlobals) = postSolution
		SolutionGuid = {05558DC1-C8B6-4F4B-8EFF-219AD3640743}
	EndGlobalSection
EndGlobal
